{
  "name": "data-utils",
  "version": "1.0.0",
  "lockfileVersion": 3,
  "requires": true,
  "packages": {
    "": {
      "name": "data-utils",
      "version": "1.0.0",
      "license": "MIT",
      "dependencies": {
        "axios": "^1.6.8",
        "lodash": "^4.17.21"
      },
      "devDependencies": {
        "jest": "^29.7.0"
      }
    },
    "node_modules/axios": {
      "version": "1.6.8",
      "resolved": "https://registry.npmjs.org/axios/-/axios-1.6.8.tgz",
      "integrity": "sha512-...",
      "dependencies": {
        "follow-redirects": "^1.15.0"
      }
    },
    "node_modules/lodash": {
      "version": "4.17.21",
      "resolved": "https://registry.npmjs.org/lodash/-/lodash-4.17.21.tgz",
      "integrity": "sha512-..."
    },
    "node_modules/jest": {
      "version": "29.7.0",
      "resolved": "https://registry.npmjs.org/jest/-/jest-29.7.0.tgz",
      "integrity": "sha512-...",
      "dependencies": {
        "@jest/core": "^29.7.0",
        "@jest/reporters": "^29.7.0",
        "jest-cli": "^29.7.0"
        // ... plus many transitive deps
      }
    }
  },
  "dependencies": {
    "axios": {
      "version": "1.6.8",
      "resolved": "https://registry.npmjs.org/axios/-/axios-1.6.8.tgz",
      "integrity": "sha512-..."
    },
    "lodash": {
      "version": "4.17.21",
      "resolved": "https://registry.npmjs.org/lodash/-/lodash-4.17.21.tgz",
      "integrity": "sha512-..."
    },
    "jest": {
      "version": "29.7.0",
      "resolved": "https://registry.npmjs.org/jest/-/jest-29.7.0.tgz",
      "integrity": "sha512-..."
    }
  }
}
