lockfileVersion: '9.0'

settings:
  autoInstallPeers: true
  excludeLinksFromLockfile: false

dependencies:
  passport:
    specifier: ^0.4.1
    version: 0.4.1

packages:

  /passport@0.4.1:
    resolution: {integrity: sha512-IxXgZZs8d7uFSt3eqNjM9NQ3g3uQCW5avD8mRNoXV99Yig50vjuaez6dQK2qC0kVWPRTujxY0dWgGfT09adjYg==}
    engines: {node:
